Microsoft Visual Studio Solution File, Format Version 12.00
# Visual Studio Version 16
VisualStudioVersion = 16.0.29209.152
MinimumVisualStudioVersion = 10.0.40219.1
Project("{9A19103F-16F7-4668-BE54-9A1E7A4F7556}") = "AssetMan", "AssetMan\AssetMan.csproj", "{05AE0C3A-81DD-4DC4-BF2A-6E8754614DE5}"
EndProject
Project("{2150E333-8FDC-42A3-9474-1A3956D46DE8}") = "Samples", "Samples", "{DBB40497-E927-4F9E-B3D5-D4606D1440C9}"
EndProject
Project("{9A19103F-16F7-4668-BE54-9A1E7A4F7556}") = "AssetMan.Sample.Cli", "AssetMan.Sample.Cli\AssetMan.Sample.Cli.csproj", "{56D64885-A56C-46D9-8F66-81BF93698FEC}"
EndProject
Project("{FAE04EC0-301F-11D3-BF4B-00C04F79EFBC}") = "AssetMan.Cli", "AssetMan.Cli\AssetMan.Cli.csproj", "{6B0E6759-4C7B-4E22-8952-17931DB86300}"
EndProject
Project("{2150E333-8FDC-42A3-9474-1A3956D46DE8}") = "Build", "Build", "{F1204572-6ED0-4B88-8DEE-181A428D397F}"
	ProjectSection(SolutionItems) = preProject
		AssetMan.targets = AssetMan.targets
	EndProjectSection
EndProject
Project("{2150E333-8FDC-42A3-9474-1A3956D46DE8}") = "NuGet", "NuGet", "{3470A1B6-A846-43D5-8361-CB6031872BAB}"
	ProjectSection(SolutionItems) = preProject
		..\nuget\Package.Cli.nuspec = ..\nuget\Package.Cli.nuspec
		..\NuGet\Package.nuspec = ..\NuGet\Package.nuspec
	EndProjectSection
EndProject
Project("{9A19103F-16F7-4668-BE54-9A1E7A4F7556}") = "AssetMan.Tests", "AssetMan.Tests\AssetMan.Tests.csproj", "{E566C72A-1A4C-4884-A444-49E6D5A1AF60}"
EndProject
Project("{FAE04EC0-301F-11D3-BF4B-00C04F79EFBC}") = "AssetMan.Sample.UWP", "AssetMan.Sample\AssetMan.Sample.UWP\AssetMan.Sample.UWP.csproj", "{D49AE650-782F-47CC-BC76-13A38D21A69C}"
EndProject
Project("{FAE04EC0-301F-11D3-BF4B-00C04F79EFBC}") = "AssetMan.Sample.Android", "AssetMan.Sample\AssetMan.Sample.Android\AssetMan.Sample.Android.csproj", "{00F67929-5D84-4964-A8CE-C06EFA3C20C9}"
EndProject
Project("{FAE04EC0-301F-11D3-BF4B-00C04F79EFBC}") = "AssetMan.Sample.iOS", "AssetMan.Sample\AssetMan.Sample.iOS\AssetMan.Sample.iOS.csproj", "{B41ECE03-1211-434C-8CFB-A1406965AD32}"
EndProject
Project("{FAE04EC0-301F-11D3-BF4B-00C04F79EFBC}") = "AssetMan.Sample", "AssetMan.Sample\AssetMan.Sample\AssetMan.Sample.csproj", "{C2D8084F-630A-4AA3-8A0D-8F5BDE178254}"
EndProject
Global
	GlobalSection(SolutionConfigurationPlatforms) = preSolution
		Debug|Any CPU = Debug|Any CPU
		Debug|ARM = Debug|ARM
		Debug|iPhone = Debug|iPhone
		Debug|iPhoneSimulator = Debug|iPhoneSimulator
		Debug|x64 = Debug|x64
		Debug|x86 = Debug|x86
		Release|Any CPU = Release|Any CPU
		Release|ARM = Release|ARM
		Release|iPhone = Release|iPhone
		Release|iPhoneSimulator = Release|iPhoneSimulator
		Release|x64 = Release|x64
		Release|x86 = Release|x86
	EndGlobalSection
	GlobalSection(ProjectConfigurationPlatforms) = postSolution
		{05AE0C3A-81DD-4DC4-BF2A-6E8754614DE5}.Debug|Any CPU.ActiveCfg = Debug|Any CPU
		{05AE0C3A-81DD-4DC4-BF2A-6E8754614DE5}.Debug|Any CPU.Build.0 = Debug|Any CPU
		{05AE0C3A-81DD-4DC4-BF2A-6E8754614DE5}.Debug|ARM.ActiveCfg = Debug|Any CPU
		{05AE0C3A-81DD-4DC4-BF2A-6E8754614DE5}.Debug|ARM.Build.0 = Debug|Any CPU
		{05AE0C3A-81DD-4DC4-BF2A-6E8754614DE5}.Debug|iPhone.ActiveCfg = Debug|Any CPU
		{05AE0C3A-81DD-4DC4-BF2A-6E8754614DE5}.Debug|iPhone.Build.0 = Debug|Any CPU
		{05AE0C3A-81DD-4DC4-BF2A-6E8754614DE5}.Debug|iPhoneSimulator.ActiveCfg = Debug|Any CPU
		{05AE0C3A-81DD-4DC4-BF2A-6E8754614DE5}.Debug|iPhoneSimulator.Build.0 = Debug|Any CPU
		{05AE0C3A-81DD-4DC4-BF2A-6E8754614DE5}.Debug|x64.ActiveCfg = Debug|Any CPU
		{05AE0C3A-81DD-4DC4-BF2A-6E8754614DE5}.Debug|x64.Build.0 = Debug|Any CPU
		{05AE0C3A-81DD-4DC4-BF2A-6E8754614DE5}.Debug|x86.ActiveCfg = Debug|Any CPU
		{05AE0C3A-81DD-4DC4-BF2A-6E8754614DE5}.Debug|x86.Build.0 = Debug|Any CPU
		{05AE0C3A-81DD-4DC4-BF2A-6E8754614DE5}.Release|Any CPU.ActiveCfg = Release|Any CPU
		{05AE0C3A-81DD-4DC4-BF2A-6E8754614DE5}.Release|Any CPU.Build.0 = Release|Any CPU
		{05AE0C3A-81DD-4DC4-BF2A-6E8754614DE5}.Release|ARM.ActiveCfg = Release|Any CPU
		{05AE0C3A-81DD-4DC4-BF2A-6E8754614DE5}.Release|ARM.Build.0 = Release|Any CPU
		{05AE0C3A-81DD-4DC4-BF2A-6E8754614DE5}.Release|iPhone.ActiveCfg = Release|Any CPU
		{05AE0C3A-81DD-4DC4-BF2A-6E8754614DE5}.Release|iPhone.Build.0 = Release|Any CPU
		{05AE0C3A-81DD-4DC4-BF2A-6E8754614DE5}.Release|iPhoneSimulator.ActiveCfg = Release|Any CPU
		{05AE0C3A-81DD-4DC4-BF2A-6E8754614DE5}.Release|iPhoneSimulator.Build.0 = Release|Any CPU
		{05AE0C3A-81DD-4DC4-BF2A-6E8754614DE5}.Release|x64.ActiveCfg = Release|Any CPU
		{05AE0C3A-81DD-4DC4-BF2A-6E8754614DE5}.Release|x64.Build.0 = Release|Any CPU
		{05AE0C3A-81DD-4DC4-BF2A-6E8754614DE5}.Release|x86.ActiveCfg = Release|Any CPU
		{05AE0C3A-81DD-4DC4-BF2A-6E8754614DE5}.Release|x86.Build.0 = Release|Any CPU
		{56D64885-A56C-46D9-8F66-81BF93698FEC}.Debug|Any CPU.ActiveCfg = Debug|Any CPU
		{56D64885-A56C-46D9-8F66-81BF93698FEC}.Debug|Any CPU.Build.0 = Debug|Any CPU
		{56D64885-A56C-46D9-8F66-81BF93698FEC}.Debug|ARM.ActiveCfg = Debug|Any CPU
		{56D64885-A56C-46D9-8F66-81BF93698FEC}.Debug|ARM.Build.0 = Debug|Any CPU
		{56D64885-A56C-46D9-8F66-81BF93698FEC}.Debug|iPhone.ActiveCfg = Debug|Any CPU
		{56D64885-A56C-46D9-8F66-81BF93698FEC}.Debug|iPhone.Build.0 = Debug|Any CPU
		{56D64885-A56C-46D9-8F66-81BF93698FEC}.Debug|iPhoneSimulator.ActiveCfg = Debug|Any CPU
		{56D64885-A56C-46D9-8F66-81BF93698FEC}.Debug|iPhoneSimulator.Build.0 = Debug|Any CPU
		{56D64885-A56C-46D9-8F66-81BF93698FEC}.Debug|x64.ActiveCfg = Debug|Any CPU
		{56D64885-A56C-46D9-8F66-81BF93698FEC}.Debug|x64.Build.0 = Debug|Any CPU
		{56D64885-A56C-46D9-8F66-81BF93698FEC}.Debug|x86.ActiveCfg = Debug|Any CPU
		{56D64885-A56C-46D9-8F66-81BF93698FEC}.Debug|x86.Build.0 = Debug|Any CPU
		{56D64885-A56C-46D9-8F66-81BF93698FEC}.Release|Any CPU.ActiveCfg = Release|Any CPU
		{56D64885-A56C-46D9-8F66-81BF93698FEC}.Release|ARM.ActiveCfg = Release|Any CPU
		{56D64885-A56C-46D9-8F66-81BF93698FEC}.Release|ARM.Build.0 = Release|Any CPU
		{56D64885-A56C-46D9-8F66-81BF93698FEC}.Release|iPhone.ActiveCfg = Release|Any CPU
		{56D64885-A56C-46D9-8F66-81BF93698FEC}.Release|iPhone.Build.0 = Release|Any CPU
		{56D64885-A56C-46D9-8F66-81BF93698FEC}.Release|iPhoneSimulator.ActiveCfg = Release|Any CPU
		{56D64885-A56C-46D9-8F66-81BF93698FEC}.Release|iPhoneSimulator.Build.0 = Release|Any CPU
		{56D64885-A56C-46D9-8F66-81BF93698FEC}.Release|x64.ActiveCfg = Release|Any CPU
		{56D64885-A56C-46D9-8F66-81BF93698FEC}.Release|x64.Build.0 = Release|Any CPU
		{56D64885-A56C-46D9-8F66-81BF93698FEC}.Release|x86.ActiveCfg = Release|Any CPU
		{56D64885-A56C-46D9-8F66-81BF93698FEC}.Release|x86.Build.0 = Release|Any CPU
		{6B0E6759-4C7B-4E22-8952-17931DB86300}.Debug|Any CPU.ActiveCfg = Debug|Any CPU
		{6B0E6759-4C7B-4E22-8952-17931DB86300}.Debug|Any CPU.Build.0 = Debug|Any CPU
		{6B0E6759-4C7B-4E22-8952-17931DB86300}.Debug|ARM.ActiveCfg = Debug|Any CPU
		{6B0E6759-4C7B-4E22-8952-17931DB86300}.Debug|ARM.Build.0 = Debug|Any CPU
		{6B0E6759-4C7B-4E22-8952-17931DB86300}.Debug|iPhone.ActiveCfg = Debug|Any CPU
		{6B0E6759-4C7B-4E22-8952-17931DB86300}.Debug|iPhone.Build.0 = Debug|Any CPU
		{6B0E6759-4C7B-4E22-8952-17931DB86300}.Debug|iPhoneSimulator.ActiveCfg = Debug|Any CPU
		{6B0E6759-4C7B-4E22-8952-17931DB86300}.Debug|iPhoneSimulator.Build.0 = Debug|Any CPU
		{6B0E6759-4C7B-4E22-8952-17931DB86300}.Debug|x64.ActiveCfg = Debug|Any CPU
		{6B0E6759-4C7B-4E22-8952-17931DB86300}.Debug|x64.Build.0 = Debug|Any CPU
		{6B0E6759-4C7B-4E22-8952-17931DB86300}.Debug|x86.ActiveCfg = Debug|Any CPU
		{6B0E6759-4C7B-4E22-8952-17931DB86300}.Debug|x86.Build.0 = Debug|Any CPU
		{6B0E6759-4C7B-4E22-8952-17931DB86300}.Release|Any CPU.ActiveCfg = Release|Any CPU
		{6B0E6759-4C7B-4E22-8952-17931DB86300}.Release|Any CPU.Build.0 = Release|Any CPU
		{6B0E6759-4C7B-4E22-8952-17931DB86300}.Release|ARM.ActiveCfg = Release|Any CPU
		{6B0E6759-4C7B-4E22-8952-17931DB86300}.Release|ARM.Build.0 = Release|Any CPU
		{6B0E6759-4C7B-4E22-8952-17931DB86300}.Release|iPhone.ActiveCfg = Release|Any CPU
		{6B0E6759-4C7B-4E22-8952-17931DB86300}.Release|iPhone.Build.0 = Release|Any CPU
		{6B0E6759-4C7B-4E22-8952-17931DB86300}.Release|iPhoneSimulator.ActiveCfg = Release|Any CPU
		{6B0E6759-4C7B-4E22-8952-17931DB86300}.Release|iPhoneSimulator.Build.0 = Release|Any CPU
		{6B0E6759-4C7B-4E22-8952-17931DB86300}.Release|x64.ActiveCfg = Release|Any CPU
		{6B0E6759-4C7B-4E22-8952-17931DB86300}.Release|x64.Build.0 = Release|Any CPU
		{6B0E6759-4C7B-4E22-8952-17931DB86300}.Release|x86.ActiveCfg = Release|Any CPU
		{6B0E6759-4C7B-4E22-8952-17931DB86300}.Release|x86.Build.0 = Release|Any CPU
		{E566C72A-1A4C-4884-A444-49E6D5A1AF60}.Debug|Any CPU.ActiveCfg = Debug|Any CPU
		{E566C72A-1A4C-4884-A444-49E6D5A1AF60}.Debug|Any CPU.Build.0 = Debug|Any CPU
		{E566C72A-1A4C-4884-A444-49E6D5A1AF60}.Debug|ARM.ActiveCfg = Debug|Any CPU
		{E566C72A-1A4C-4884-A444-49E6D5A1AF60}.Debug|ARM.Build.0 = Debug|Any CPU
		{E566C72A-1A4C-4884-A444-49E6D5A1AF60}.Debug|iPhone.ActiveCfg = Debug|Any CPU
		{E566C72A-1A4C-4884-A444-49E6D5A1AF60}.Debug|iPhone.Build.0 = Debug|Any CPU
		{E566C72A-1A4C-4884-A444-49E6D5A1AF60}.Debug|iPhoneSimulator.ActiveCfg = Debug|Any CPU
		{E566C72A-1A4C-4884-A444-49E6D5A1AF60}.Debug|iPhoneSimulator.Build.0 = Debug|Any CPU
		{E566C72A-1A4C-4884-A444-49E6D5A1AF60}.Debug|x64.ActiveCfg = Debug|Any CPU
		{E566C72A-1A4C-4884-A444-49E6D5A1AF60}.Debug|x64.Build.0 = Debug|Any CPU
		{E566C72A-1A4C-4884-A444-49E6D5A1AF60}.Debug|x86.ActiveCfg = Debug|Any CPU
		{E566C72A-1A4C-4884-A444-49E6D5A1AF60}.Debug|x86.Build.0 = Debug|Any CPU
		{E566C72A-1A4C-4884-A444-49E6D5A1AF60}.Release|Any CPU.ActiveCfg = Release|Any CPU
		{E566C72A-1A4C-4884-A444-49E6D5A1AF60}.Release|Any CPU.Build.0 = Release|Any CPU
		{E566C72A-1A4C-4884-A444-49E6D5A1AF60}.Release|ARM.ActiveCfg = Release|Any CPU
		{E566C72A-1A4C-4884-A444-49E6D5A1AF60}.Release|ARM.Build.0 = Release|Any CPU
		{E566C72A-1A4C-4884-A444-49E6D5A1AF60}.Release|iPhone.ActiveCfg = Release|Any CPU
		{E566C72A-1A4C-4884-A444-49E6D5A1AF60}.Release|iPhone.Build.0 = Release|Any CPU
		{E566C72A-1A4C-4884-A444-49E6D5A1AF60}.Release|iPhoneSimulator.ActiveCfg = Release|Any CPU
		{E566C72A-1A4C-4884-A444-49E6D5A1AF60}.Release|iPhoneSimulator.Build.0 = Release|Any CPU
		{E566C72A-1A4C-4884-A444-49E6D5A1AF60}.Release|x64.ActiveCfg = Release|Any CPU
		{E566C72A-1A4C-4884-A444-49E6D5A1AF60}.Release|x64.Build.0 = Release|Any CPU
		{E566C72A-1A4C-4884-A444-49E6D5A1AF60}.Release|x86.ActiveCfg = Release|Any CPU
		{E566C72A-1A4C-4884-A444-49E6D5A1AF60}.Release|x86.Build.0 = Release|Any CPU
		{D49AE650-782F-47CC-BC76-13A38D21A69C}.Debug|Any CPU.ActiveCfg = Debug|x86
		{D49AE650-782F-47CC-BC76-13A38D21A69C}.Debug|ARM.ActiveCfg = Debug|ARM
		{D49AE650-782F-47CC-BC76-13A38D21A69C}.Debug|ARM.Build.0 = Debug|ARM
		{D49AE650-782F-47CC-BC76-13A38D21A69C}.Debug|ARM.Deploy.0 = Debug|ARM
		{D49AE650-782F-47CC-BC76-13A38D21A69C}.Debug|iPhone.ActiveCfg = Debug|x86
		{D49AE650-782F-47CC-BC76-13A38D21A69C}.Debug|iPhoneSimulator.ActiveCfg = Debug|x86
		{D49AE650-782F-47CC-BC76-13A38D21A69C}.Debug|x64.ActiveCfg = Debug|x64
		{D49AE650-782F-47CC-BC76-13A38D21A69C}.Debug|x64.Build.0 = Debug|x64
		{D49AE650-782F-47CC-BC76-13A38D21A69C}.Debug|x64.Deploy.0 = Debug|x64
		{D49AE650-782F-47CC-BC76-13A38D21A69C}.Debug|x86.ActiveCfg = Debug|x86
		{D49AE650-782F-47CC-BC76-13A38D21A69C}.Debug|x86.Build.0 = Debug|x86
		{D49AE650-782F-47CC-BC76-13A38D21A69C}.Debug|x86.Deploy.0 = Debug|x86
		{D49AE650-782F-47CC-BC76-13A38D21A69C}.Release|Any CPU.ActiveCfg = Release|x86
		{D49AE650-782F-47CC-BC76-13A38D21A69C}.Release|ARM.ActiveCfg = Release|ARM
		{D49AE650-782F-47CC-BC76-13A38D21A69C}.Release|ARM.Build.0 = Release|ARM
		{D49AE650-782F-47CC-BC76-13A38D21A69C}.Release|ARM.Deploy.0 = Release|ARM
		{D49AE650-782F-47CC-BC76-13A38D21A69C}.Release|iPhone.ActiveCfg = Release|x86
		{D49AE650-782F-47CC-BC76-13A38D21A69C}.Release|iPhoneSimulator.ActiveCfg = Release|x86
		{D49AE650-782F-47CC-BC76-13A38D21A69C}.Release|x64.ActiveCfg = Release|x64
		{D49AE650-782F-47CC-BC76-13A38D21A69C}.Release|x64.Build.0 = Release|x64
		{D49AE650-782F-47CC-BC76-13A38D21A69C}.Release|x64.Deploy.0 = Release|x64
		{D49AE650-782F-47CC-BC76-13A38D21A69C}.Release|x86.ActiveCfg = Release|x86
		{D49AE650-782F-47CC-BC76-13A38D21A69C}.Release|x86.Build.0 = Release|x86
		{D49AE650-782F-47CC-BC76-13A38D21A69C}.Release|x86.Deploy.0 = Release|x86
		{00F67929-5D84-4964-A8CE-C06EFA3C20C9}.Debug|Any CPU.ActiveCfg = Debug|Any CPU
		{00F67929-5D84-4964-A8CE-C06EFA3C20C9}.Debug|Any CPU.Build.0 = Debug|Any CPU
		{00F67929-5D84-4964-A8CE-C06EFA3C20C9}.Debug|Any CPU.Deploy.0 = Debug|Any CPU
		{00F67929-5D84-4964-A8CE-C06EFA3C20C9}.Debug|ARM.ActiveCfg = Debug|Any CPU
		{00F67929-5D84-4964-A8CE-C06EFA3C20C9}.Debug|ARM.Build.0 = Debug|Any CPU
		{00F67929-5D84-4964-A8CE-C06EFA3C20C9}.Debug|ARM.Deploy.0 = Debug|Any CPU
		{00F67929-5D84-4964-A8CE-C06EFA3C20C9}.Debug|iPhone.ActiveCfg = Debug|Any CPU
		{00F67929-5D84-4964-A8CE-C06EFA3C20C9}.Debug|iPhone.Build.0 = Debug|Any CPU
		{00F67929-5D84-4964-A8CE-C06EFA3C20C9}.Debug|iPhone.Deploy.0 = Debug|Any CPU
		{00F67929-5D84-4964-A8CE-C06EFA3C20C9}.Debug|iPhoneSimulator.ActiveCfg = Debug|Any CPU
		{00F67929-5D84-4964-A8CE-C06EFA3C20C9}.Debug|iPhoneSimulator.Build.0 = Debug|Any CPU
		{00F67929-5D84-4964-A8CE-C06EFA3C20C9}.Debug|iPhoneSimulator.Deploy.0 = Debug|Any CPU
		{00F67929-5D84-4964-A8CE-C06EFA3C20C9}.Debug|x64.ActiveCfg = Debug|Any CPU
		{00F67929-5D84-4964-A8CE-C06EFA3C20C9}.Debug|x64.Build.0 = Debug|Any CPU
		{00F67929-5D84-4964-A8CE-C06EFA3C20C9}.Debug|x64.Deploy.0 = Debug|Any CPU
		{00F67929-5D84-4964-A8CE-C06EFA3C20C9}.Debug|x86.ActiveCfg = Debug|Any CPU
		{00F67929-5D84-4964-A8CE-C06EFA3C20C9}.Debug|x86.Build.0 = Debug|Any CPU
		{00F67929-5D84-4964-A8CE-C06EFA3C20C9}.Debug|x86.Deploy.0 = Debug|Any CPU
		{00F67929-5D84-4964-A8CE-C06EFA3C20C9}.Release|Any CPU.ActiveCfg = Release|Any CPU
		{00F67929-5D84-4964-A8CE-C06EFA3C20C9}.Release|Any CPU.Build.0 = Release|Any CPU
		{00F67929-5D84-4964-A8CE-C06EFA3C20C9}.Release|Any CPU.Deploy.0 = Release|Any CPU
		{00F67929-5D84-4964-A8CE-C06EFA3C20C9}.Release|ARM.ActiveCfg = Release|Any CPU
		{00F67929-5D84-4964-A8CE-C06EFA3C20C9}.Release|ARM.Build.0 = Release|Any CPU
		{00F67929-5D84-4964-A8CE-C06EFA3C20C9}.Release|ARM.Deploy.0 = Release|Any CPU
		{00F67929-5D84-4964-A8CE-C06EFA3C20C9}.Release|iPhone.ActiveCfg = Release|Any CPU
		{00F67929-5D84-4964-A8CE-C06EFA3C20C9}.Release|iPhone.Build.0 = Release|Any CPU
		{00F67929-5D84-4964-A8CE-C06EFA3C20C9}.Release|iPhone.Deploy.0 = Release|Any CPU
		{00F67929-5D84-4964-A8CE-C06EFA3C20C9}.Release|iPhoneSimulator.ActiveCfg = Release|Any CPU
		{00F67929-5D84-4964-A8CE-C06EFA3C20C9}.Release|iPhoneSimulator.Build.0 = Release|Any CPU
		{00F67929-5D84-4964-A8CE-C06EFA3C20C9}.Release|iPhoneSimulator.Deploy.0 = Release|Any CPU
		{00F67929-5D84-4964-A8CE-C06EFA3C20C9}.Release|x64.ActiveCfg = Release|Any CPU
		{00F67929-5D84-4964-A8CE-C06EFA3C20C9}.Release|x64.Build.0 = Release|Any CPU
		{00F67929-5D84-4964-A8CE-C06EFA3C20C9}.Release|x64.Deploy.0 = Release|Any CPU
		{00F67929-5D84-4964-A8CE-C06EFA3C20C9}.Release|x86.ActiveCfg = Release|Any CPU
		{00F67929-5D84-4964-A8CE-C06EFA3C20C9}.Release|x86.Build.0 = Release|Any CPU
		{00F67929-5D84-4964-A8CE-C06EFA3C20C9}.Release|x86.Deploy.0 = Release|Any CPU
		{B41ECE03-1211-434C-8CFB-A1406965AD32}.Debug|Any CPU.ActiveCfg = Debug|iPhone
		{B41ECE03-1211-434C-8CFB-A1406965AD32}.Debug|ARM.ActiveCfg = Debug|iPhone
		{B41ECE03-1211-434C-8CFB-A1406965AD32}.Debug|iPhone.ActiveCfg = Debug|iPhone
		{B41ECE03-1211-434C-8CFB-A1406965AD32}.Debug|iPhone.Build.0 = Debug|iPhone
		{B41ECE03-1211-434C-8CFB-A1406965AD32}.Debug|iPhoneSimulator.ActiveCfg = Debug|iPhoneSimulator
		{B41ECE03-1211-434C-8CFB-A1406965AD32}.Debug|iPhoneSimulator.Build.0 = Debug|iPhoneSimulator
		{B41ECE03-1211-434C-8CFB-A1406965AD32}.Debug|x64.ActiveCfg = Debug|iPhone
		{B41ECE03-1211-434C-8CFB-A1406965AD32}.Debug|x86.ActiveCfg = Debug|iPhone
		{B41ECE03-1211-434C-8CFB-A1406965AD32}.Release|Any CPU.ActiveCfg = Release|iPhone
		{B41ECE03-1211-434C-8CFB-A1406965AD32}.Release|ARM.ActiveCfg = Release|iPhone
		{B41ECE03-1211-434C-8CFB-A1406965AD32}.Release|iPhone.ActiveCfg = Release|iPhone
		{B41ECE03-1211-434C-8CFB-A1406965AD32}.Release|iPhone.Build.0 = Release|iPhone
		{B41ECE03-1211-434C-8CFB-A1406965AD32}.Release|iPhoneSimulator.ActiveCfg = Release|iPhoneSimulator
		{B41ECE03-1211-434C-8CFB-A1406965AD32}.Release|iPhoneSimulator.Build.0 = Release|iPhoneSimulator
		{B41ECE03-1211-434C-8CFB-A1406965AD32}.Release|x64.ActiveCfg = Release|iPhone
		{B41ECE03-1211-434C-8CFB-A1406965AD32}.Release|x86.ActiveCfg = Release|iPhone
		{C2D8084F-630A-4AA3-8A0D-8F5BDE178254}.Debug|Any CPU.ActiveCfg = Debug|Any CPU
		{C2D8084F-630A-4AA3-8A0D-8F5BDE178254}.Debug|Any CPU.Build.0 = Debug|Any CPU
		{C2D8084F-630A-4AA3-8A0D-8F5BDE178254}.Debug|ARM.ActiveCfg = Debug|Any CPU
		{C2D8084F-630A-4AA3-8A0D-8F5BDE178254}.Debug|ARM.Build.0 = Debug|Any CPU
		{C2D8084F-630A-4AA3-8A0D-8F5BDE178254}.Debug|iPhone.ActiveCfg = Debug|Any CPU
		{C2D8084F-630A-4AA3-8A0D-8F5BDE178254}.Debug|iPhone.Build.0 = Debug|Any CPU
		{C2D8084F-630A-4AA3-8A0D-8F5BDE178254}.Debug|iPhoneSimulator.ActiveCfg = Debug|Any CPU
		{C2D8084F-630A-4AA3-8A0D-8F5BDE178254}.Debug|iPhoneSimulator.Build.0 = Debug|Any CPU
		{C2D8084F-630A-4AA3-8A0D-8F5BDE178254}.Debug|x64.ActiveCfg = Debug|Any CPU
		{C2D8084F-630A-4AA3-8A0D-8F5BDE178254}.Debug|x64.Build.0 = Debug|Any CPU
		{C2D8084F-630A-4AA3-8A0D-8F5BDE178254}.Debug|x86.ActiveCfg = Debug|Any CPU
		{C2D8084F-630A-4AA3-8A0D-8F5BDE178254}.Debug|x86.Build.0 = Debug|Any CPU
		{C2D8084F-630A-4AA3-8A0D-8F5BDE178254}.Release|Any CPU.ActiveCfg = Release|Any CPU
		{C2D8084F-630A-4AA3-8A0D-8F5BDE178254}.Release|Any CPU.Build.0 = Release|Any CPU
		{C2D8084F-630A-4AA3-8A0D-8F5BDE178254}.Release|ARM.ActiveCfg = Release|Any CPU
		{C2D8084F-630A-4AA3-8A0D-8F5BDE178254}.Release|ARM.Build.0 = Release|Any CPU
		{C2D8084F-630A-4AA3-8A0D-8F5BDE178254}.Release|iPhone.ActiveCfg = Release|Any CPU
		{C2D8084F-630A-4AA3-8A0D-8F5BDE178254}.Release|iPhone.Build.0 = Release|Any CPU
		{C2D8084F-630A-4AA3-8A0D-8F5BDE178254}.Release|iPhoneSimulator.ActiveCfg = Release|Any CPU
		{C2D8084F-630A-4AA3-8A0D-8F5BDE178254}.Release|iPhoneSimulator.Build.0 = Release|Any CPU
		{C2D8084F-630A-4AA3-8A0D-8F5BDE178254}.Release|x64.ActiveCfg = Release|Any CPU
		{C2D8084F-630A-4AA3-8A0D-8F5BDE178254}.Release|x64.Build.0 = Release|Any CPU
		{C2D8084F-630A-4AA3-8A0D-8F5BDE178254}.Release|x86.ActiveCfg = Release|Any CPU
		{C2D8084F-630A-4AA3-8A0D-8F5BDE178254}.Release|x86.Build.0 = Release|Any CPU
	EndGlobalSection
	GlobalSection(SolutionProperties) = preSolution
		HideSolutionNode = FALSE
	EndGlobalSection
	GlobalSection(NestedProjects) = preSolution
		{56D64885-A56C-46D9-8F66-81BF93698FEC} = {DBB40497-E927-4F9E-B3D5-D4606D1440C9}
		{D49AE650-782F-47CC-BC76-13A38D21A69C} = {DBB40497-E927-4F9E-B3D5-D4606D1440C9}
		{00F67929-5D84-4964-A8CE-C06EFA3C20C9} = {DBB40497-E927-4F9E-B3D5-D4606D1440C9}
		{B41ECE03-1211-434C-8CFB-A1406965AD32} = {DBB40497-E927-4F9E-B3D5-D4606D1440C9}
		{C2D8084F-630A-4AA3-8A0D-8F5BDE178254} = {DBB40497-E927-4F9E-B3D5-D4606D1440C9}
	EndGlobalSection
	GlobalSection(ExtensibilityGlobals) = postSolution
		SolutionGuid = {09655850-EE77-4E4F-8D15-89724B9C6490}
	EndGlobalSection
EndGlobal
